
Microsoft Visual Studio Solution File, Format Version 12.00
# Visual Studio Version 16
VisualStudioVersion = 16.0.31624.102
MinimumVisualStudioVersion = 10.0.40219.1
Project("{FAE04EC0-301F-11D3-BF4B-00C04F79EFBC}") = "Chess", "Chess.csproj", "{7A10889C-C28E-4D2A-9BD8-263EED64430B}"
EndProject
Global
	GlobalSection(SolutionConfigurationPlatforms) = preSolution
		Debug|Any CPU = Debug|Any CPU
		Release|Any CPU = Release|Any CPU
	EndGlobalSection
	GlobalSection(ProjectConfigurationPlatforms) = postSolution
		{7A10889C-C28E-4D2A-9BD8-263EED64430B}.Debug|Any CPU.ActiveCfg = Debug|Any CPU
		{7A10889C-C28E-4D2A-9BD8-263EED64430B}.Debug|Any CPU.Build.0 = Debug|Any CPU
		{7A10889C-C28E-4D2A-9BD8-263EED64430B}.Release|Any CPU.ActiveCfg = Release|Any CPU
		{7A10889C-C28E-4D2A-9BD8-263EED64430B}.Release|Any CPU.Build.0 = Release|Any CPU
	EndGlobalSection
	GlobalSection(SolutionProperties) = preSolution
		HideSolutionNode = FALSE
	EndGlobalSection
	GlobalSection(ExtensibilityGlobals) = postSolution
		SolutionGuid = {0FE3FC60-4150-47B0-B564-2F20FF984B69}
	EndGlobalSection
EndGlobal
